# THIS IS AN AUTOGENERATED FILE. DO NOT EDIT THIS FILE DIRECTLY.
# yarn lockfile v1


honkify@^0.1.0:
  version "0.1.0"
  resolved "https://registry.yarnpkg.com/honkify/-/honkify-0.1.0.tgz#66c669f21e8b93ebe936237eb41f5e0c2e74b05f"
  integrity sha512-pzgFbbEgHIHzcpsEQ6AQIGGn6sMauA21A17uHSAbTgQhNAbucfyY60qRvMahviEs4LmxjTG8euji8g401BxYfw==
